
Microsoft Visual Studio Solution File, Format Version 12.00
# Visual Studio Version 16
VisualStudioVersion = 16.0.31702.278
MinimumVisualStudioVersion = 10.0.40219.1
Project("{FAE04EC0-301F-11D3-BF4B-00C04F79EFBC}") = "Facade", "Facade.csproj", "{5A84305F-8006-4C60-BF2A-99F8EC857624}"
EndProject
Global
	GlobalSection(SolutionConfigurationPlatforms) = preSolution
		Debug|Any CPU = Debug|Any CPU
		Release|Any CPU = Release|Any CPU
	EndGlobalSection
	GlobalSection(ProjectConfigurationPlatforms) = postSolution
		{5A84305F-8006-4C60-BF2A-99F8EC857624}.Debug|Any CPU.ActiveCfg = Debug|Any CPU
		{5A84305F-8006-4C60-BF2A-99F8EC857624}.Debug|Any CPU.Build.0 = Debug|Any CPU
		{5A84305F-8006-4C60-BF2A-99F8EC857624}.Release|Any CPU.ActiveCfg = Release|Any CPU
		{5A84305F-8006-4C60-BF2A-99F8EC857624}.Release|Any CPU.Build.0 = Release|Any CPU
	EndGlobalSection
	GlobalSection(SolutionProperties) = preSolution
		HideSolutionNode = FALSE
	EndGlobalSection
	GlobalSection(ExtensibilityGlobals) = postSolution
		SolutionGuid = {FD984B05-C915-4666-86DF-461CB87E878F}
	EndGlobalSection
EndGlobal
