
Microsoft Visual Studio Solution File, Format Version 12.00
# Visual Studio Version 16
VisualStudioVersion = 16.0.31702.278
MinimumVisualStudioVersion = 10.0.40219.1
Project("{FAE04EC0-301F-11D3-BF4B-00C04F79EFBC}") = "HW4_Ex2", "HW4_Ex2\HW4_Ex2.csproj", "{85023DF7-F49F-4C8B-875A-0CD399F3EE55}"
EndProject
Global
	GlobalSection(SolutionConfigurationPlatforms) = preSolution
		Debug|Any CPU = Debug|Any CPU
		Release|Any CPU = Release|Any CPU
	EndGlobalSection
	GlobalSection(ProjectConfigurationPlatforms) = postSolution
		{85023DF7-F49F-4C8B-875A-0CD399F3EE55}.Debug|Any CPU.ActiveCfg = Debug|Any CPU
		{85023DF7-F49F-4C8B-875A-0CD399F3EE55}.Debug|Any CPU.Build.0 = Debug|Any CPU
		{85023DF7-F49F-4C8B-875A-0CD399F3EE55}.Release|Any CPU.ActiveCfg = Release|Any CPU
		{85023DF7-F49F-4C8B-875A-0CD399F3EE55}.Release|Any CPU.Build.0 = Release|Any CPU
	EndGlobalSection
	GlobalSection(SolutionProperties) = preSolution
		HideSolutionNode = FALSE
	EndGlobalSection
	GlobalSection(ExtensibilityGlobals) = postSolution
		SolutionGuid = {7FBDA400-BEF7-4D8D-B303-45BC32070398}
	EndGlobalSection
EndGlobal
