
Microsoft Visual Studio Solution File, Format Version 12.00
# Visual Studio Version 16
VisualStudioVersion = 16.0.31702.278
MinimumVisualStudioVersion = 10.0.40219.1
Project("{FAE04EC0-301F-11D3-BF4B-00C04F79EFBC}") = "Builder", "Builder.csproj", "{90D15D6D-40F4-4E01-8648-969265EF201F}"
EndProject
Global
	GlobalSection(SolutionConfigurationPlatforms) = preSolution
		Debug|Any CPU = Debug|Any CPU
		Release|Any CPU = Release|Any CPU
	EndGlobalSection
	GlobalSection(ProjectConfigurationPlatforms) = postSolution
		{90D15D6D-40F4-4E01-8648-969265EF201F}.Debug|Any CPU.ActiveCfg = Debug|Any CPU
		{90D15D6D-40F4-4E01-8648-969265EF201F}.Debug|Any CPU.Build.0 = Debug|Any CPU
		{90D15D6D-40F4-4E01-8648-969265EF201F}.Release|Any CPU.ActiveCfg = Release|Any CPU
		{90D15D6D-40F4-4E01-8648-969265EF201F}.Release|Any CPU.Build.0 = Release|Any CPU
	EndGlobalSection
	GlobalSection(SolutionProperties) = preSolution
		HideSolutionNode = FALSE
	EndGlobalSection
	GlobalSection(ExtensibilityGlobals) = postSolution
		SolutionGuid = {E7E4F878-0391-4BCE-974D-00933B60E88C}
	EndGlobalSection
EndGlobal
