
Microsoft Visual Studio Solution File, Format Version 12.00
# Visual Studio Version 16
VisualStudioVersion = 16.0.31702.278
MinimumVisualStudioVersion = 10.0.40219.1
Project("{FAE04EC0-301F-11D3-BF4B-00C04F79EFBC}") = "Lab2", "Lab2\Lab2.csproj", "{90EFC430-0F41-40FF-83B3-956FC75D964B}"
EndProject
Global
	GlobalSection(SolutionConfigurationPlatforms) = preSolution
		Debug|Any CPU = Debug|Any CPU
		Release|Any CPU = Release|Any CPU
	EndGlobalSection
	GlobalSection(ProjectConfigurationPlatforms) = postSolution
		{90EFC430-0F41-40FF-83B3-956FC75D964B}.Debug|Any CPU.ActiveCfg = Debug|Any CPU
		{90EFC430-0F41-40FF-83B3-956FC75D964B}.Debug|Any CPU.Build.0 = Debug|Any CPU
		{90EFC430-0F41-40FF-83B3-956FC75D964B}.Release|Any CPU.ActiveCfg = Release|Any CPU
		{90EFC430-0F41-40FF-83B3-956FC75D964B}.Release|Any CPU.Build.0 = Release|Any CPU
	EndGlobalSection
	GlobalSection(SolutionProperties) = preSolution
		HideSolutionNode = FALSE
	EndGlobalSection
	GlobalSection(ExtensibilityGlobals) = postSolution
		SolutionGuid = {B3D6B70C-A7B5-4AB2-8A32-624931CA8B11}
	EndGlobalSection
EndGlobal
